
Microsoft Visual Studio Solution File, Format Version 12.00
# Visual Studio Version 17
VisualStudioVersion = 17.9.34902.65
MinimumVisualStudioVersion = 10.0.40219.1
Project("{9A19103F-16F7-4668-BE54-9A1E7A4F7556}") = "DemoGame", "DemoGame\DemoGame.csproj", "{9626870A-15B8-41C3-86F9-26249939575E}"
EndProject
Project("{9A19103F-16F7-4668-BE54-9A1E7A4F7556}") = "SharedGameLibrary", "SharedGameLibrary\SharedGameLibrary.csproj", "{797D4138-2254-4FB5-BE98-7BE51ACC68B7}"
EndProject
Global
	GlobalSection(SolutionConfigurationPlatforms) = preSolution
		Debug|Any CPU = Debug|Any CPU
		Release|Any CPU = Release|Any CPU
	EndGlobalSection
	GlobalSection(ProjectConfigurationPlatforms) = postSolution
		{9626870A-15B8-41C3-86F9-26249939575E}.Debug|Any CPU.ActiveCfg = Debug|Any CPU
		{9626870A-15B8-41C3-86F9-26249939575E}.Debug|Any CPU.Build.0 = Debug|Any CPU
		{9626870A-15B8-41C3-86F9-26249939575E}.Release|Any CPU.ActiveCfg = Release|Any CPU
		{9626870A-15B8-41C3-86F9-26249939575E}.Release|Any CPU.Build.0 = Release|Any CPU
		{797D4138-2254-4FB5-BE98-7BE51ACC68B7}.Debug|Any CPU.ActiveCfg = Debug|Any CPU
		{797D4138-2254-4FB5-BE98-7BE51ACC68B7}.Debug|Any CPU.Build.0 = Debug|Any CPU
		{797D4138-2254-4FB5-BE98-7BE51ACC68B7}.Release|Any CPU.ActiveCfg = Release|Any CPU
		{797D4138-2254-4FB5-BE98-7BE51ACC68B7}.Release|Any CPU.Build.0 = Release|Any CPU
	EndGlobalSection
	GlobalSection(SolutionProperties) = preSolution
		HideSolutionNode = FALSE
	EndGlobalSection
	GlobalSection(ExtensibilityGlobals) = postSolution
		SolutionGuid = {5E129A20-60A9-42E5-828A-A516029A5C72}
	EndGlobalSection
EndGlobal
